
Microsoft Visual Studio Solution File, Format Version 12.00
# Visual Studio Version 16
VisualStudioVersion = 16.0.810.17
MinimumVisualStudioVersion = 10.0.40219.1
Project("{FAE04EC0-301F-11D3-BF4B-00C04F79EFBC}") = "test-api", "test-api\test-api.csproj", "{BC5E20BB-E389-465D-9B92-BF496FF782B4}"
EndProject
Global
	GlobalSection(SolutionConfigurationPlatforms) = preSolution
		Debug|Any CPU = Debug|Any CPU
		Release|Any CPU = Release|Any CPU
	EndGlobalSection
	GlobalSection(ProjectConfigurationPlatforms) = postSolution
		{BC5E20BB-E389-465D-9B92-BF496FF782B4}.Debug|Any CPU.ActiveCfg = Debug|Any CPU
		{BC5E20BB-E389-465D-9B92-BF496FF782B4}.Debug|Any CPU.Build.0 = Debug|Any CPU
		{BC5E20BB-E389-465D-9B92-BF496FF782B4}.Release|Any CPU.ActiveCfg = Release|Any CPU
		{BC5E20BB-E389-465D-9B92-BF496FF782B4}.Release|Any CPU.Build.0 = Release|Any CPU
	EndGlobalSection
	GlobalSection(SolutionProperties) = preSolution
		HideSolutionNode = FALSE
	EndGlobalSection
	GlobalSection(ExtensibilityGlobals) = postSolution
		SolutionGuid = {90C37340-CC5C-460A-A779-92378253AFB1}
	EndGlobalSection
EndGlobal
